
Microsoft Visual Studio Solution File, Format Version 12.00
# Visual Studio Version 18
VisualStudioVersion = 18.10.12224.181
MinimumVisualStudioVersion = 10.0.40219.1
Project("{9A19103F-16F7-4668-BE54-9A1E7A4F7556}") = "SdfGlueCore", "SdfGlueCore\SdfGlueCore.csproj", "{111AF1F8-02BD-4F90-929B-786A409E769E}"
EndProject
Project("{9A19103F-16F7-4668-BE54-9A1E7A4F7556}") = "SdfGlueUi", "SdfGlueUi\SdfGlueUi.csproj", "{9BCA1C42-6F58-4970-8818-B7BAA7DBDEAA}"
EndProject
Project("{9A19103F-16F7-4668-BE54-9A1E7A4F7556}") = "SdfGlueEditor", "SdfGlueEditor\SdfGlueEditor.csproj", "{FEAE9AD7-918E-48A3-AF6A-33B0BE0AD2CD}"
EndProject
Project("{FAE04EC0-301F-11D3-BF4B-00C04F79EFBC}") = "SingleDocAppFramework", "SingleDocAppFramework\SingleDocAppFramework.csproj", "{850A223E-CB41-49D3-809C-FFB152353985}"
EndProject
Project("{FAE04EC0-301F-11D3-BF4B-00C04F79EFBC}") = "SingleDocAppCore", "SingleDocAppCore\SingleDocAppCore.csproj", "{7748A03C-F066-44DF-BF3D-932FD48A0EC5}"
EndProject
Project("{FAE04EC0-301F-11D3-BF4B-00C04F79EFBC}") = "SingleDocAppPlatformWin", "SingleDocAppPlatformWin\SingleDocAppPlatformWin.csproj", "{726458ED-3A47-4C34-B480-D931EBC8BAF3}"
EndProject
Project("{FAE04EC0-301F-11D3-BF4B-00C04F79EFBC}") = "SingleDocAppSample", "SingleDocAppSample\SingleDocAppSample.csproj", "{19FCDA73-1D5C-4227-92DA-5989CD55C46E}"
EndProject
Project("{FAE04EC0-301F-11D3-BF4B-00C04F79EFBC}") = "SingleDocAppMidiWin", "SingleDocAppMidiWin\SingleDocAppMidiWin.csproj", "{57E1D3E7-20E2-4EBB-87FC-834B9BA4EBC2}"
EndProject
Global
	GlobalSection(SolutionConfigurationPlatforms) = preSolution
		Debug|Any CPU = Debug|Any CPU
		Debug|x64 = Debug|x64
		Debug|x86 = Debug|x86
		Release|Any CPU = Release|Any CPU
		Release|x64 = Release|x64
		Release|x86 = Release|x86
	EndGlobalSection
	GlobalSection(ProjectConfigurationPlatforms) = postSolution
		{111AF1F8-02BD-4F90-929B-786A409E769E}.Debug|Any CPU.ActiveCfg = Debug|Any CPU
		{111AF1F8-02BD-4F90-929B-786A409E769E}.Debug|Any CPU.Build.0 = Debug|Any CPU
		{111AF1F8-02BD-4F90-929B-786A409E769E}.Debug|x64.ActiveCfg = Debug|Any CPU
		{111AF1F8-02BD-4F90-929B-786A409E769E}.Debug|x64.Build.0 = Debug|Any CPU
		{111AF1F8-02BD-4F90-929B-786A409E769E}.Debug|x86.ActiveCfg = Debug|Any CPU
		{111AF1F8-02BD-4F90-929B-786A409E769E}.Debug|x86.Build.0 = Debug|Any CPU
		{111AF1F8-02BD-4F90-929B-786A409E769E}.Release|Any CPU.ActiveCfg = Release|Any CPU
		{111AF1F8-02BD-4F90-929B-786A409E769E}.Release|Any CPU.Build.0 = Release|Any CPU
		{111AF1F8-02BD-4F90-929B-786A409E769E}.Release|x64.ActiveCfg = Release|Any CPU
		{111AF1F8-02BD-4F90-929B-786A409E769E}.Release|x64.Build.0 = Release|Any CPU
		{111AF1F8-02BD-4F90-929B-786A409E769E}.Release|x86.ActiveCfg = Release|Any CPU
		{111AF1F8-02BD-4F90-929B-786A409E769E}.Release|x86.Build.0 = Release|Any CPU
		{9BCA1C42-6F58-4970-8818-B7BAA7DBDEAA}.Debug|Any CPU.ActiveCfg = Debug|Any CPU
		{9BCA1C42-6F58-4970-8818-B7BAA7DBDEAA}.Debug|Any CPU.Build.0 = Debug|Any CPU
		{9BCA1C42-6F58-4970-8818-B7BAA7DBDEAA}.Debug|x64.ActiveCfg = Debug|Any CPU
		{9BCA1C42-6F58-4970-8818-B7BAA7DBDEAA}.Debug|x64.Build.0 = Debug|Any CPU
		{9BCA1C42-6F58-4970-8818-B7BAA7DBDEAA}.Debug|x86.ActiveCfg = Debug|Any CPU
		{9BCA1C42-6F58-4970-8818-B7BAA7DBDEAA}.Debug|x86.Build.0 = Debug|Any CPU
		{9BCA1C42-6F58-4970-8818-B7BAA7DBDEAA}.Release|Any CPU.ActiveCfg = Release|Any CPU
		{9BCA1C42-6F58-4970-8818-B7BAA7DBDEAA}.Release|Any CPU.Build.0 = Release|Any CPU
		{9BCA1C42-6F58-4970-8818-B7BAA7DBDEAA}.Release|x64.ActiveCfg = Release|Any CPU
		{9BCA1C42-6F58-4970-8818-B7BAA7DBDEAA}.Release|x64.Build.0 = Release|Any CPU
		{9BCA1C42-6F58-4970-8818-B7BAA7DBDEAA}.Release|x86.ActiveCfg = Release|Any CPU
		{9BCA1C42-6F58-4970-8818-B7BAA7DBDEAA}.Release|x86.Build.0 = Release|Any CPU
		{FEAE9AD7-918E-48A3-AF6A-33B0BE0AD2CD}.Debug|Any CPU.ActiveCfg = Debug|Any CPU
		{FEAE9AD7-918E-48A3-AF6A-33B0BE0AD2CD}.Debug|Any CPU.Build.0 = Debug|Any CPU
		{FEAE9AD7-918E-48A3-AF6A-33B0BE0AD2CD}.Debug|x64.ActiveCfg = Debug|Any CPU
		{FEAE9AD7-918E-48A3-AF6A-33B0BE0AD2CD}.Debug|x64.Build.0 = Debug|Any CPU
		{FEAE9AD7-918E-48A3-AF6A-33B0BE0AD2CD}.Debug|x86.ActiveCfg = Debug|Any CPU
		{FEAE9AD7-918E-48A3-AF6A-33B0BE0AD2CD}.Debug|x86.Build.0 = Debug|Any CPU
		{FEAE9AD7-918E-48A3-AF6A-33B0BE0AD2CD}.Release|Any CPU.ActiveCfg = Release|Any CPU
		{FEAE9AD7-918E-48A3-AF6A-33B0BE0AD2CD}.Release|Any CPU.Build.0 = Release|Any CPU
		{FEAE9AD7-918E-48A3-AF6A-33B0BE0AD2CD}.Release|x64.ActiveCfg = Release|Any CPU
		{FEAE9AD7-918E-48A3-AF6A-33B0BE0AD2CD}.Release|x64.Build.0 = Release|Any CPU
		{FEAE9AD7-918E-48A3-AF6A-33B0BE0AD2CD}.Release|x86.ActiveCfg = Release|Any CPU
		{FEAE9AD7-918E-48A3-AF6A-33B0BE0AD2CD}.Release|x86.Build.0 = Release|Any CPU
		{850A223E-CB41-49D3-809C-FFB152353985}.Debug|Any CPU.ActiveCfg = Debug|Any CPU
		{850A223E-CB41-49D3-809C-FFB152353985}.Debug|Any CPU.Build.0 = Debug|Any CPU
		{850A223E-CB41-49D3-809C-FFB152353985}.Debug|x64.ActiveCfg = Debug|Any CPU
		{850A223E-CB41-49D3-809C-FFB152353985}.Debug|x64.Build.0 = Debug|Any CPU
		{850A223E-CB41-49D3-809C-FFB152353985}.Debug|x86.ActiveCfg = Debug|Any CPU
		{850A223E-CB41-49D3-809C-FFB152353985}.Debug|x86.Build.0 = Debug|Any CPU
		{850A223E-CB41-49D3-809C-FFB152353985}.Release|Any CPU.ActiveCfg = Release|Any CPU
		{850A223E-CB41-49D3-809C-FFB152353985}.Release|Any CPU.Build.0 = Release|Any CPU
		{850A223E-CB41-49D3-809C-FFB152353985}.Release|x64.ActiveCfg = Release|Any CPU
		{850A223E-CB41-49D3-809C-FFB152353985}.Release|x64.Build.0 = Release|Any CPU
		{850A223E-CB41-49D3-809C-FFB152353985}.Release|x86.ActiveCfg = Release|Any CPU
		{850A223E-CB41-49D3-809C-FFB152353985}.Release|x86.Build.0 = Release|Any CPU
		{7748A03C-F066-44DF-BF3D-932FD48A0EC5}.Debug|Any CPU.ActiveCfg = Debug|Any CPU
		{7748A03C-F066-44DF-BF3D-932FD48A0EC5}.Debug|Any CPU.Build.0 = Debug|Any CPU
		{7748A03C-F066-44DF-BF3D-932FD48A0EC5}.Debug|x64.ActiveCfg = Debug|Any CPU
		{7748A03C-F066-44DF-BF3D-932FD48A0EC5}.Debug|x64.Build.0 = Debug|Any CPU
		{7748A03C-F066-44DF-BF3D-932FD48A0EC5}.Debug|x86.ActiveCfg = Debug|Any CPU
		{7748A03C-F066-44DF-BF3D-932FD48A0EC5}.Debug|x86.Build.0 = Debug|Any CPU
		{7748A03C-F066-44DF-BF3D-932FD48A0EC5}.Release|Any CPU.ActiveCfg = Release|Any CPU
		{7748A03C-F066-44DF-BF3D-932FD48A0EC5}.Release|Any CPU.Build.0 = Release|Any CPU
		{7748A03C-F066-44DF-BF3D-932FD48A0EC5}.Release|x64.ActiveCfg = Release|Any CPU
		{7748A03C-F066-44DF-BF3D-932FD48A0EC5}.Release|x64.Build.0 = Release|Any CPU
		{7748A03C-F066-44DF-BF3D-932FD48A0EC5}.Release|x86.ActiveCfg = Release|Any CPU
		{7748A03C-F066-44DF-BF3D-932FD48A0EC5}.Release|x86.Build.0 = Release|Any CPU
		{726458ED-3A47-4C34-B480-D931EBC8BAF3}.Debug|Any CPU.ActiveCfg = Debug|Any CPU
		{726458ED-3A47-4C34-B480-D931EBC8BAF3}.Debug|Any CPU.Build.0 = Debug|Any CPU
		{726458ED-3A47-4C34-B480-D931EBC8BAF3}.Debug|x64.ActiveCfg = Debug|Any CPU
		{726458ED-3A47-4C34-B480-D931EBC8BAF3}.Debug|x64.Build.0 = Debug|Any CPU
		{726458ED-3A47-4C34-B480-D931EBC8BAF3}.Debug|x86.ActiveCfg = Debug|Any CPU
		{726458ED-3A47-4C34-B480-D931EBC8BAF3}.Debug|x86.Build.0 = Debug|Any CPU
		{726458ED-3A47-4C34-B480-D931EBC8BAF3}.Release|Any CPU.ActiveCfg = Release|Any CPU
		{726458ED-3A47-4C34-B480-D931EBC8BAF3}.Release|Any CPU.Build.0 = Release|Any CPU
		{726458ED-3A47-4C34-B480-D931EBC8BAF3}.Release|x64.ActiveCfg = Release|Any CPU
		{726458ED-3A47-4C34-B480-D931EBC8BAF3}.Release|x64.Build.0 = Release|Any CPU
		{726458ED-3A47-4C34-B480-D931EBC8BAF3}.Release|x86.ActiveCfg = Release|Any CPU
		{726458ED-3A47-4C34-B480-D931EBC8BAF3}.Release|x86.Build.0 = Release|Any CPU
		{19FCDA73-1D5C-4227-92DA-5989CD55C46E}.Debug|Any CPU.ActiveCfg = Debug|Any CPU
		{19FCDA73-1D5C-4227-92DA-5989CD55C46E}.Debug|Any CPU.Build.0 = Debug|Any CPU
		{19FCDA73-1D5C-4227-92DA-5989CD55C46E}.Debug|x64.ActiveCfg = Debug|Any CPU
		{19FCDA73-1D5C-4227-92DA-5989CD55C46E}.Debug|x64.Build.0 = Debug|Any CPU
		{19FCDA73-1D5C-4227-92DA-5989CD55C46E}.Debug|x86.ActiveCfg = Debug|Any CPU
		{19FCDA73-1D5C-4227-92DA-5989CD55C46E}.Debug|x86.Build.0 = Debug|Any CPU
		{19FCDA73-1D5C-4227-92DA-5989CD55C46E}.Release|Any CPU.ActiveCfg = Release|Any CPU
		{19FCDA73-1D5C-4227-92DA-5989CD55C46E}.Release|Any CPU.Build.0 = Release|Any CPU
		{19FCDA73-1D5C-4227-92DA-5989CD55C46E}.Release|x64.ActiveCfg = Release|Any CPU
		{19FCDA73-1D5C-4227-92DA-5989CD55C46E}.Release|x64.Build.0 = Release|Any CPU
		{19FCDA73-1D5C-4227-92DA-5989CD55C46E}.Release|x86.ActiveCfg = Release|Any CPU
		{19FCDA73-1D5C-4227-92DA-5989CD55C46E}.Release|x86.Build.0 = Release|Any CPU
		{57E1D3E7-20E2-4EBB-87FC-834B9BA4EBC2}.Debug|Any CPU.ActiveCfg = Debug|Any CPU
		{57E1D3E7-20E2-4EBB-87FC-834B9BA4EBC2}.Debug|Any CPU.Build.0 = Debug|Any CPU
		{57E1D3E7-20E2-4EBB-87FC-834B9BA4EBC2}.Debug|x64.ActiveCfg = Debug|Any CPU
		{57E1D3E7-20E2-4EBB-87FC-834B9BA4EBC2}.Debug|x64.Build.0 = Debug|Any CPU
		{57E1D3E7-20E2-4EBB-87FC-834B9BA4EBC2}.Debug|x86.ActiveCfg = Debug|Any CPU
		{57E1D3E7-20E2-4EBB-87FC-834B9BA4EBC2}.Debug|x86.Build.0 = Debug|Any CPU
		{57E1D3E7-20E2-4EBB-87FC-834B9BA4EBC2}.Release|Any CPU.ActiveCfg = Release|Any CPU
		{57E1D3E7-20E2-4EBB-87FC-834B9BA4EBC2}.Release|Any CPU.Build.0 = Release|Any CPU
		{57E1D3E7-20E2-4EBB-87FC-834B9BA4EBC2}.Release|x64.ActiveCfg = Release|Any CPU
		{57E1D3E7-20E2-4EBB-87FC-834B9BA4EBC2}.Release|x64.Build.0 = Release|Any CPU
		{57E1D3E7-20E2-4EBB-87FC-834B9BA4EBC2}.Release|x86.ActiveCfg = Release|Any CPU
		{57E1D3E7-20E2-4EBB-87FC-834B9BA4EBC2}.Release|x86.Build.0 = Release|Any CPU
	EndGlobalSection
	GlobalSection(SolutionProperties) = preSolution
		HideSolutionNode = FALSE
	EndGlobalSection
	GlobalSection(ExtensibilityGlobals) = postSolution
		SolutionGuid = {96A54FFF-C186-4771-8BAB-8670C8A3CF1E}
	EndGlobalSection
EndGlobal
